// !$*UTF8*$!
{
	archiveVersion = 1;
	classes = {
	};
	objectVersion = 50;
	objects = {

/* Begin PBXBuildFile section */
		5B10C20322BE17FD003ADA49 /* ValidationViewController.swift in Sources */ = {isa = PBXBuildFile; fileRef = 5B10C20122BE17FD003ADA49 /* ValidationViewController.swift */; };
		5B10C20422BE17FD003ADA49 /* ValidationViewController.xib in Resources */ = {isa = PBXBuildFile; fileRef = 5B10C20222BE17FD003ADA49 /* ValidationViewController.xib */; };
		5B10C20622BE18EF003ADA49 /* ValidationViewModel.swift in Sources */ = {isa = PBXBuildFile; fileRef = 5B10C20522BE18EF003ADA49 /* ValidationViewModel.swift */; };
		5B10C20822BE18FC003ADA49 /* ValidationModel.swift in Sources */ = {isa = PBXBuildFile; fileRef = 5B10C20722BE18FC003ADA49 /* ValidationModel.swift */; };
		5B10C20B22BE3FF4003ADA49 /* ValidationError.swift in Sources */ = {isa = PBXBuildFile; fileRef = 5B10C20A22BE3FF4003ADA49 /* ValidationError.swift */; };
		5BF4639122BDF93B00751ED3 /* AppDelegate.swift in Sources */ = {isa = PBXBuildFile; fileRef = 5BF4639022BDF93B00751ED3 /* AppDelegate.swift */; };
		5BF4639822BDF93C00751ED3 /* Assets.xcassets in Resources */ = {isa = PBXBuildFile; fileRef = 5BF4639722BDF93C00751ED3 /* Assets.xcassets */; };
		5BF4639B22BDF93C00751ED3 /* LaunchScreen.storyboard in Resources */ = {isa = PBXBuildFile; fileRef = 5BF4639922BDF93C00751ED3 /* LaunchScreen.storyboard */; };
		5BF463A622BDF93C00751ED3 /* simpleMVVMTests.swift in Sources */ = {isa = PBXBuildFile; fileRef = 5BF463A522BDF93C00751ED3 /* simpleMVVMTests.swift */; };
		5BF463B122BDF93C00751ED3 /* simpleMVVMUITests.swift in Sources */ = {isa = PBXBuildFile; fileRef = 5BF463B022BDF93C00751ED3 /* simpleMVVMUITests.swift */; };
		8AF6605F62CD376E0D1D7869 /* Pods_simpleMVVMTests.framework in Frameworks */ = {isa = PBXBuildFile; fileRef = 509797AF14D06BF38E027C46 /* Pods_simpleMVVMTests.framework */; };
		B071B1EA70BEEA757D3C8C4A /* Pods_simpleMVVMUITests.framework in Frameworks */ = {isa = PBXBuildFile; fileRef = 5E655ECE742F738D1D81B814 /* Pods_simpleMVVMUITests.framework */; };
		F566A94DB9C0818A23CED574 /* Pods_simpleMVVM.framework in Frameworks */ = {isa = PBXBuildFile; fileRef = CD91AEC79568BF852CBCE9CD /* Pods_simpleMVVM.framework */; };
/* End PBXBuildFile section */

/* Begin PBXContainerItemProxy section */
		5BF463A222BDF93C00751ED3 /* PBXContainerItemProxy */ = {
			isa = PBXContainerItemProxy;
			containerPortal = 5BF4638522BDF93B00751ED3 /* Project object */;
			proxyType = 1;
			remoteGlobalIDString = 5BF4638C22BDF93B00751ED3;
			remoteInfo = simpleMVVM;
		};
		5BF463AD22BDF93C00751ED3 /* PBXContainerItemProxy */ = {
			isa = PBXContainerItemProxy;
			containerPortal = 5BF4638522BDF93B00751ED3 /* Project object */;
			proxyType = 1;
			remoteGlobalIDString = 5BF4638C22BDF93B00751ED3;
			remoteInfo = simpleMVVM;
		};
/* End PBXContainerItemProxy section */

/* Begin PBXFileReference section */
		509797AF14D06BF38E027C46 /* Pods_simpleMVVMTests.framework */ = {isa = PBXFileReference; explicitFileType = wrapper.framework; includeInIndex = 0; path = Pods_simpleMVVMTests.framework; sourceTree = BUILT_PRODUCTS_DIR; };
		5B10C20122BE17FD003ADA49 /* ValidationViewController.swift */ = {isa = PBXFileReference; lastKnownFileType = sourcecode.swift; path = ValidationViewController.swift; sourceTree = "<group>"; };
		5B10C20222BE17FD003ADA49 /* ValidationViewController.xib */ = {isa = PBXFileReference; lastKnownFileType = file.xib; path = ValidationViewController.xib; sourceTree = "<group>"; };
		5B10C20522BE18EF003ADA49 /* ValidationViewModel.swift */ = {isa = PBXFileReference; lastKnownFileType = sourcecode.swift; path = ValidationViewModel.swift; sourceTree = "<group>"; };
		5B10C20722BE18FC003ADA49 /* ValidationModel.swift */ = {isa = PBXFileReference; lastKnownFileType = sourcecode.swift; path = ValidationModel.swift; sourceTree = "<group>"; };
		5B10C20A22BE3FF4003ADA49 /* ValidationError.swift */ = {isa = PBXFileReference; lastKnownFileType = sourcecode.swift; path = ValidationError.swift; sourceTree = "<group>"; };
		5BF4638D22BDF93B00751ED3 /* simpleMVVM.app */ = {isa = PBXFileReference; explicitFileType = wrapper.application; includeInIndex = 0; path = simpleMVVM.app; sourceTree = BUILT_PRODUCTS_DIR; };
		5BF4639022BDF93B00751ED3 /* AppDelegate.swift */ = {isa = PBXFileReference; lastKnownFileType = sourcecode.swift; path = AppDelegate.swift; sourceTree = "<group>"; };
		5BF4639722BDF93C00751ED3 /* Assets.xcassets */ = {isa = PBXFileReference; lastKnownFileType = folder.assetcatalog; path = Assets.xcassets; sourceTree = "<group>"; };
		5BF4639A22BDF93C00751ED3 /* Base */ = {isa = PBXFileReference; lastKnownFileType = file.storyboard; name = Base; path = Base.lproj/LaunchScreen.storyboard; sourceTree = "<group>"; };
		5BF4639C22BDF93C00751ED3 /* Info.plist */ = {isa = PBXFileReference; lastKnownFileType = text.plist.xml; path = Info.plist; sourceTree = "<group>"; };
		5BF463A122BDF93C00751ED3 /* simpleMVVMTests.xctest */ = {isa = PBXFileReference; explicitFileType = wrapper.cfbundle; includeInIndex = 0; path = simpleMVVMTests.xctest; sourceTree = BUILT_PRODUCTS_DIR; };
		5BF463A522BDF93C00751ED3 /* simpleMVVMTests.swift */ = {isa = PBXFileReference; lastKnownFileType = sourcecode.swift; path = simpleMVVMTests.swift; sourceTree = "<group>"; };
		5BF463A722BDF93C00751ED3 /* Info.plist */ = {isa = PBXFileReference; lastKnownFileType = text.plist.xml; path = Info.plist; sourceTree = "<group>"; };
		5BF463AC22BDF93C00751ED3 /* simpleMVVMUITests.xctest */ = {isa = PBXFileReference; explicitFileType = wrapper.cfbundle; includeInIndex = 0; path = simpleMVVMUITests.xctest; sourceTree = BUILT_PRODUCTS_DIR; };
		5BF463B022BDF93C00751ED3 /* simpleMVVMUITests.swift */ = {isa = PBXFileReference; lastKnownFileType = sourcecode.swift; path = simpleMVVMUITests.swift; sourceTree = "<group>"; };
		5BF463B222BDF93C00751ED3 /* Info.plist */ = {isa = PBXFileReference; lastKnownFileType = text.plist.xml; path = Info.plist; sourceTree = "<group>"; };
		5E655ECE742F738D1D81B814 /* Pods_simpleMVVMUITests.framework */ = {isa = PBXFileReference; explicitFileType = wrapper.framework; includeInIndex = 0; path = Pods_simpleMVVMUITests.framework; sourceTree = BUILT_PRODUCTS_DIR; };
		647C6D2E7F859C3E195CC239 /* Pods-simpleMVVMUITests.debug.xcconfig */ = {isa = PBXFileReference; includeInIndex = 1; lastKnownFileType = text.xcconfig; name = "Pods-simpleMVVMUITests.debug.xcconfig"; path = "Pods/Target Support Files/Pods-simpleMVVMUITests/Pods-simpleMVVMUITests.debug.xcconfig"; sourceTree = "<group>"; };
		9E36C34426BBE237290AEBBA /* Pods-simpleMVVMUITests.release.xcconfig */ = {isa = PBXFileReference; includeInIndex = 1; lastKnownFileType = text.xcconfig; name = "Pods-simpleMVVMUITests.release.xcconfig"; path = "Pods/Target Support Files/Pods-simpleMVVMUITests/Pods-simpleMVVMUITests.release.xcconfig"; sourceTree = "<group>"; };
		A4A9E90DBDEF068210C210E1 /* Pods-simpleMVVMTests.release.xcconfig */ = {isa = PBXFileReference; includeInIndex = 1; lastKnownFileType = text.xcconfig; name = "Pods-simpleMVVMTests.release.xcconfig"; path = "Pods/Target Support Files/Pods-simpleMVVMTests/Pods-simpleMVVMTests.release.xcconfig"; sourceTree = "<group>"; };
		B91A478A871B68426AD55F9E /* Pods-simpleMVVM.release.xcconfig */ = {isa = PBXFileReference; includeInIndex = 1; lastKnownFileType = text.xcconfig; name = "Pods-simpleMVVM.release.xcconfig"; path = "Pods/Target Support Files/Pods-simpleMVVM/Pods-simpleMVVM.release.xcconfig"; sourceTree = "<group>"; };
		CD91AEC79568BF852CBCE9CD /* Pods_simpleMVVM.framework */ = {isa = PBXFileReference; explicitFileType = wrapper.framework; includeInIndex = 0; path = Pods_simpleMVVM.framework; sourceTree = BUILT_PRODUCTS_DIR; };
		D4D40CFE82125950FA84F961 /* Pods-simpleMVVM.debug.xcconfig */ = {isa = PBXFileReference; includeInIndex = 1; lastKnownFileType = text.xcconfig; name = "Pods-simpleMVVM.debug.xcconfig"; path = "Pods/Target Support Files/Pods-simpleMVVM/Pods-simpleMVVM.debug.xcconfig"; sourceTree = "<group>"; };
		F8865646C90D9362AD4C59D4 /* Pods-simpleMVVMTests.debug.xcconfig */ = {isa = PBXFileReference; includeInIndex = 1; lastKnownFileType = text.xcconfig; name = "Pods-simpleMVVMTests.debug.xcconfig"; path = "Pods/Target Support Files/Pods-simpleMVVMTests/Pods-simpleMVVMTests.debug.xcconfig"; sourceTree = "<group>"; };
/* End PBXFileReference section */

/* Begin PBXFrameworksBuildPhase section */
		5BF4638A22BDF93B00751ED3 /* Frameworks */ = {
			isa = PBXFrameworksBuildPhase;
			buildActionMask = 2147483647;
			files = (
				F566A94DB9C0818A23CED574 /* Pods_simpleMVVM.framework in Frameworks */,
			);
			runOnlyForDeploymentPostprocessing = 0;
		};
		5BF4639E22BDF93C00751ED3 /* Frameworks */ = {
			isa = PBXFrameworksBuildPhase;
			buildActionMask = 2147483647;
			files = (
				8AF6605F62CD376E0D1D7869 /* Pods_simpleMVVMTests.framework in Frameworks */,
			);
			runOnlyForDeploymentPostprocessing = 0;
		};
		5BF463A922BDF93C00751ED3 /* Frameworks */ = {
			isa = PBXFrameworksBuildPhase;
			buildActionMask = 2147483647;
			files = (
				B071B1EA70BEEA757D3C8C4A /* Pods_simpleMVVMUITests.framework in Frameworks */,
			);
			runOnlyForDeploymentPostprocessing = 0;
		};
/* End PBXFrameworksBuildPhase section */

/* Begin PBXGroup section */
		228E4D0D817DDE5D98EFF026 /* Pods */ = {
			isa = PBXGroup;
			children = (
				D4D40CFE82125950FA84F961 /* Pods-simpleMVVM.debug.xcconfig */,
				B91A478A871B68426AD55F9E /* Pods-simpleMVVM.release.xcconfig */,
				F8865646C90D9362AD4C59D4 /* Pods-simpleMVVMTests.debug.xcconfig */,
				A4A9E90DBDEF068210C210E1 /* Pods-simpleMVVMTests.release.xcconfig */,
				647C6D2E7F859C3E195CC239 /* Pods-simpleMVVMUITests.debug.xcconfig */,
				9E36C34426BBE237290AEBBA /* Pods-simpleMVVMUITests.release.xcconfig */,
			);
			name = Pods;
			sourceTree = "<group>";
		};
		5B10C20922BE3F80003ADA49 /* Common */ = {
			isa = PBXGroup;
			children = (
				5B10C20A22BE3FF4003ADA49 /* ValidationError.swift */,
			);
			path = Common;
			sourceTree = "<group>";
		};
		5BA4428422BDFD6B00FAE5A0 /* Model */ = {
			isa = PBXGroup;
			children = (
				5B10C20722BE18FC003ADA49 /* ValidationModel.swift */,
			);
			path = Model;
			sourceTree = "<group>";
		};
		5BA4428522BDFD7500FAE5A0 /* ViewModel */ = {
			isa = PBXGroup;
			children = (
				5B10C20522BE18EF003ADA49 /* ValidationViewModel.swift */,
			);
			path = ViewModel;
			sourceTree = "<group>";
		};
		5BA4428622BDFD8200FAE5A0 /* View */ = {
			isa = PBXGroup;
			children = (
				5B10C20122BE17FD003ADA49 /* ValidationViewController.swift */,
				5B10C20222BE17FD003ADA49 /* ValidationViewController.xib */,
			);
			path = View;
			sourceTree = "<group>";
		};
		5BF4638422BDF93B00751ED3 = {
			isa = PBXGroup;
			children = (
				5BF4638F22BDF93B00751ED3 /* simpleMVVM */,
				5BF463A422BDF93C00751ED3 /* simpleMVVMTests */,
				5BF463AF22BDF93C00751ED3 /* simpleMVVMUITests */,
				5BF4638E22BDF93B00751ED3 /* Products */,
				228E4D0D817DDE5D98EFF026 /* Pods */,
				BB40875C97325DEA6E17358E /* Frameworks */,
			);
			sourceTree = "<group>";
		};
		5BF4638E22BDF93B00751ED3 /* Products */ = {
			isa = PBXGroup;
			children = (
				5BF4638D22BDF93B00751ED3 /* simpleMVVM.app */,
				5BF463A122BDF93C00751ED3 /* simpleMVVMTests.xctest */,
				5BF463AC22BDF93C00751ED3 /* simpleMVVMUITests.xctest */,
			);
			name = Products;
			sourceTree = "<group>";
		};
		5BF4638F22BDF93B00751ED3 /* simpleMVVM */ = {
			isa = PBXGroup;
			children = (
				5B10C20922BE3F80003ADA49 /* Common */,
				5BA4428622BDFD8200FAE5A0 /* View */,
				5BA4428522BDFD7500FAE5A0 /* ViewModel */,
				5BA4428422BDFD6B00FAE5A0 /* Model */,
				5BF4639022BDF93B00751ED3 /* AppDelegate.swift */,
				5BF4639722BDF93C00751ED3 /* Assets.xcassets */,
				5BF4639922BDF93C00751ED3 /* LaunchScreen.storyboard */,
				5BF4639C22BDF93C00751ED3 /* Info.plist */,
			);
			path = simpleMVVM;
			sourceTree = "<group>";
		};
		5BF463A422BDF93C00751ED3 /* simpleMVVMTests */ = {
			isa = PBXGroup;
			children = (
				5BF463A522BDF93C00751ED3 /* simpleMVVMTests.swift */,
				5BF463A722BDF93C00751ED3 /* Info.plist */,
			);
			path = simpleMVVMTests;
			sourceTree = "<group>";
		};
		5BF463AF22BDF93C00751ED3 /* simpleMVVMUITests */ = {
			isa = PBXGroup;
			children = (
				5BF463B022BDF93C00751ED3 /* simpleMVVMUITests.swift */,
				5BF463B222BDF93C00751ED3 /* Info.plist */,
			);
			path = simpleMVVMUITests;
			sourceTree = "<group>";
		};
		BB40875C97325DEA6E17358E /* Frameworks */ = {
			isa = PBXGroup;
			children = (
				CD91AEC79568BF852CBCE9CD /* Pods_simpleMVVM.framework */,
				509797AF14D06BF38E027C46 /* Pods_simpleMVVMTests.framework */,
				5E655ECE742F738D1D81B814 /* Pods_simpleMVVMUITests.framework */,
			);
			name = Frameworks;
			sourceTree = "<group>";
		};
/* End PBXGroup section */

/* Begin PBXNativeTarget section */
		5BF4638C22BDF93B00751ED3 /* simpleMVVM */ = {
			isa = PBXNativeTarget;
			buildConfigurationList = 5BF463B522BDF93D00751ED3 /* Build configuration list for PBXNativeTarget "simpleMVVM" */;
			buildPhases = (
				25F88BA18A68048ABD3D24B5 /* [CP] Check Pods Manifest.lock */,
				5BF4638922BDF93B00751ED3 /* Sources */,
				5BF4638A22BDF93B00751ED3 /* Frameworks */,
				5BF4638B22BDF93B00751ED3 /* Resources */,
				DF1A8D993A777D1B35CD3CD6 /* [CP] Embed Pods Frameworks */,
			);
			buildRules = (
			);
			dependencies = (
			);
			name = simpleMVVM;
			productName = simpleMVVM;
			productReference = 5BF4638D22BDF93B00751ED3 /* simpleMVVM.app */;
			productType = "com.apple.product-type.application";
		};
		5BF463A022BDF93C00751ED3 /* simpleMVVMTests */ = {
			isa = PBXNativeTarget;
			buildConfigurationList = 5BF463B822BDF93D00751ED3 /* Build configuration list for PBXNativeTarget "simpleMVVMTests" */;
			buildPhases = (
				EC3FF33B006C8C6CC9706A45 /* [CP] Check Pods Manifest.lock */,
				5BF4639D22BDF93C00751ED3 /* Sources */,
				5BF4639E22BDF93C00751ED3 /* Frameworks */,
				5BF4639F22BDF93C00751ED3 /* Resources */,
			);
			buildRules = (
			);
			dependencies = (
				5BF463A322BDF93C00751ED3 /* PBXTargetDependency */,
			);
			name = simpleMVVMTests;
			productName = simpleMVVMTests;
			productReference = 5BF463A122BDF93C00751ED3 /* simpleMVVMTests.xctest */;
			productType = "com.apple.product-type.bundle.unit-test";
		};
		5BF463AB22BDF93C00751ED3 /* simpleMVVMUITests */ = {
			isa = PBXNativeTarget;
			buildConfigurationList = 5BF463BB22BDF93D00751ED3 /* Build configuration list for PBXNativeTarget "simpleMVVMUITests" */;
			buildPhases = (
				6FDA992C827B73ED40E278D1 /* [CP] Check Pods Manifest.lock */,
				5BF463A822BDF93C00751ED3 /* Sources */,
				5BF463A922BDF93C00751ED3 /* Frameworks */,
				5BF463AA22BDF93C00751ED3 /* Resources */,
			);
			buildRules = (
			);
			dependencies = (
				5BF463AE22BDF93C00751ED3 /* PBXTargetDependency */,
			);
			name = simpleMVVMUITests;
			productName = simpleMVVMUITests;
			productReference = 5BF463AC22BDF93C00751ED3 /* simpleMVVMUITests.xctest */;
			productType = "com.apple.product-type.bundle.ui-testing";
		};
/* End PBXNativeTarget section */

/* Begin PBXProject section */
		5BF4638522BDF93B00751ED3 /* Project object */ = {
			isa = PBXProject;
			attributes = {
				LastSwiftUpdateCheck = 1010;
				LastUpgradeCheck = 1010;
				ORGANIZATIONNAME = takutoki;
				TargetAttributes = {
					5BF4638C22BDF93B00751ED3 = {
						CreatedOnToolsVersion = 10.1;
					};
					5BF463A022BDF93C00751ED3 = {
						CreatedOnToolsVersion = 10.1;
						TestTargetID = 5BF4638C22BDF93B00751ED3;
					};
					5BF463AB22BDF93C00751ED3 = {
						CreatedOnToolsVersion = 10.1;
						TestTargetID = 5BF4638C22BDF93B00751ED3;
					};
				};
			};
			buildConfigurationList = 5BF4638822BDF93B00751ED3 /* Build configuration list for PBXProject "simpleMVVM" */;
			compatibilityVersion = "Xcode 9.3";
			developmentRegion = en;
			hasScannedForEncodings = 0;
			knownRegions = (
				en,
				Base,
			);
			mainGroup = 5BF4638422BDF93B00751ED3;
			productRefGroup = 5BF4638E22BDF93B00751ED3 /* Products */;
			projectDirPath = "";
			projectRoot = "";
			targets = (
				5BF4638C22BDF93B00751ED3 /* simpleMVVM */,
				5BF463A022BDF93C00751ED3 /* simpleMVVMTests */,
				5BF463AB22BDF93C00751ED3 /* simpleMVVMUITests */,
			);
		};
/* End PBXProject section */

/* Begin PBXResourcesBuildPhase section */
		5BF4638B22BDF93B00751ED3 /* Resources */ = {
			isa = PBXResourcesBuildPhase;
			buildActionMask = 2147483647;
			files = (
				5BF4639B22BDF93C00751ED3 /* LaunchScreen.storyboard in Resources */,
				5B10C20422BE17FD003ADA49 /* ValidationViewController.xib in Resources */,
				5BF4639822BDF93C00751ED3 /* Assets.xcassets in Resources */,
			);
			runOnlyForDeploymentPostprocessing = 0;
		};
		5BF4639F22BDF93C00751ED3 /* Resources */ = {
			isa = PBXResourcesBuildPhase;
			buildActionMask = 2147483647;
			files = (
			);
			runOnlyForDeploymentPostprocessing = 0;
		};
		5BF463AA22BDF93C00751ED3 /* Resources */ = {
			isa = PBXResourcesBuildPhase;
			buildActionMask = 2147483647;
			files = (
			);
			runOnlyForDeploymentPostprocessing = 0;
		};
/* End PBXResourcesBuildPhase section */

/* Begin PBXShellScriptBuildPhase section */
		25F88BA18A68048ABD3D24B5 /* [CP] Check Pods Manifest.lock */ = {
			isa = PBXShellScriptBuildPhase;
			buildActionMask = 2147483647;
			files = (
			);
			inputFileListPaths = (
			);
			inputPaths = (
				"${PODS_PODFILE_DIR_PATH}/Podfile.lock",
				"${PODS_ROOT}/Manifest.lock",
			);
			name = "[CP] Check Pods Manifest.lock";
			outputFileListPaths = (
			);
			outputPaths = (
				"$(DERIVED_FILE_DIR)/Pods-simpleMVVM-checkManifestLockResult.txt",
			);
			runOnlyForDeploymentPostprocessing = 0;
			shellPath = /bin/sh;
			shellScript = "diff \"${PODS_PODFILE_DIR_PATH}/Podfile.lock\" \"${PODS_ROOT}/Manifest.lock\" > /dev/null\nif [ $? != 0 ] ; then\n    # print error to STDERR\n    echo \"error: The sandbox is not in sync with the Podfile.lock. Run 'pod install' or update your CocoaPods installation.\" >&2\n    exit 1\nfi\n# This output is used by Xcode 'outputs' to avoid re-running this script phase.\necho \"SUCCESS\" > \"${SCRIPT_OUTPUT_FILE_0}\"\n";
			showEnvVarsInLog = 0;
		};
		6FDA992C827B73ED40E278D1 /* [CP] Check Pods Manifest.lock */ = {
			isa = PBXShellScriptBuildPhase;
			buildActionMask = 2147483647;
			files = (
			);
			inputFileListPaths = (
			);
			inputPaths = (
				"${PODS_PODFILE_DIR_PATH}/Podfile.lock",
				"${PODS_ROOT}/Manifest.lock",
			);
			name = "[CP] Check Pods Manifest.lock";
			outputFileListPaths = (
			);
			outputPaths = (
				"$(DERIVED_FILE_DIR)/Pods-simpleMVVMUITests-checkManifestLockResult.txt",
			);
			runOnlyForDeploymentPostprocessing = 0;
			shellPath = /bin/sh;
			shellScript = "diff \"${PODS_PODFILE_DIR_PATH}/Podfile.lock\" \"${PODS_ROOT}/Manifest.lock\" > /dev/null\nif [ $? != 0 ] ; then\n    # print error to STDERR\n    echo \"error: The sandbox is not in sync with the Podfile.lock. Run 'pod install' or update your CocoaPods installation.\" >&2\n    exit 1\nfi\n# This output is used by Xcode 'outputs' to avoid re-running this script phase.\necho \"SUCCESS\" > \"${SCRIPT_OUTPUT_FILE_0}\"\n";
			showEnvVarsInLog = 0;
		};
		DF1A8D993A777D1B35CD3CD6 /* [CP] Embed Pods Frameworks */ = {
			isa = PBXShellScriptBuildPhase;
			buildActionMask = 2147483647;
			files = (
			);
			inputFileListPaths = (
			);
			inputPaths = (
				"${SRCROOT}/Pods/Target Support Files/Pods-simpleMVVM/Pods-simpleMVVM-frameworks.sh",
				"${BUILT_PRODUCTS_DIR}/RxCocoa/RxCocoa.framework",
				"${BUILT_PRODUCTS_DIR}/RxSwift/RxSwift.framework",
			);
			name = "[CP] Embed Pods Frameworks";
			outputFileListPaths = (
			);
			outputPaths = (
				"${TARGET_BUILD_DIR}/${FRAMEWORKS_FOLDER_PATH}/RxCocoa.framework",
				"${TARGET_BUILD_DIR}/${FRAMEWORKS_FOLDER_PATH}/RxSwift.framework",
			);
			runOnlyForDeploymentPostprocessing = 0;
			shellPath = /bin/sh;
			shellScript = "\"${SRCROOT}/Pods/Target Support Files/Pods-simpleMVVM/Pods-simpleMVVM-frameworks.sh\"\n";
			showEnvVarsInLog = 0;
		};
		EC3FF33B006C8C6CC9706A45 /* [CP] Check Pods Manifest.lock */ = {
			isa = PBXShellScriptBuildPhase;
			buildActionMask = 2147483647;
			files = (
			);
			inputFileListPaths = (
			);
			inputPaths = (
				"${PODS_PODFILE_DIR_PATH}/Podfile.lock",
				"${PODS_ROOT}/Manifest.lock",
			);
			name = "[CP] Check Pods Manifest.lock";
			outputFileListPaths = (
			);
			outputPaths = (
				"$(DERIVED_FILE_DIR)/Pods-simpleMVVMTests-checkManifestLockResult.txt",
			);
			runOnlyForDeploymentPostprocessing = 0;
			shellPath = /bin/sh;
			shellScript = "diff \"${PODS_PODFILE_DIR_PATH}/Podfile.lock\" \"${PODS_ROOT}/Manifest.lock\" > /dev/null\nif [ $? != 0 ] ; then\n    # print error to STDERR\n    echo \"error: The sandbox is not in sync with the Podfile.lock. Run 'pod install' or update your CocoaPods installation.\" >&2\n    exit 1\nfi\n# This output is used by Xcode 'outputs' to avoid re-running this script phase.\necho \"SUCCESS\" > \"${SCRIPT_OUTPUT_FILE_0}\"\n";
			showEnvVarsInLog = 0;
		};
/* End PBXShellScriptBuildPhase section */

/* Begin PBXSourcesBuildPhase section */
		5BF4638922BDF93B00751ED3 /* Sources */ = {
			isa = PBXSourcesBuildPhase;
			buildActionMask = 2147483647;
			files = (
				5B10C20822BE18FC003ADA49 /* ValidationModel.swift in Sources */,
				5B10C20B22BE3FF4003ADA49 /* ValidationError.swift in Sources */,
				5B10C20622BE18EF003ADA49 /* ValidationViewModel.swift in Sources */,
				5BF4639122BDF93B00751ED3 /* AppDelegate.swift in Sources */,
				5B10C20322BE17FD003ADA49 /* ValidationViewController.swift in Sources */,
			);
			runOnlyForDeploymentPostprocessing = 0;
		};
		5BF4639D22BDF93C00751ED3 /* Sources */ = {
			isa = PBXSourcesBuildPhase;
			buildActionMask = 2147483647;
			files = (
				5BF463A622BDF93C00751ED3 /* simpleMVVMTests.swift in Sources */,
			);
			runOnlyForDeploymentPostprocessing = 0;
		};
		5BF463A822BDF93C00751ED3 /* Sources */ = {
			isa = PBXSourcesBuildPhase;
			buildActionMask = 2147483647;
			files = (
				5BF463B122BDF93C00751ED3 /* simpleMVVMUITests.swift in Sources */,
			);
			runOnlyForDeploymentPostprocessing = 0;
		};
/* End PBXSourcesBuildPhase section */

/* Begin PBXTargetDependency section */
		5BF463A322BDF93C00751ED3 /* PBXTargetDependency */ = {
			isa = PBXTargetDependency;
			target = 5BF4638C22BDF93B00751ED3 /* simpleMVVM */;
			targetProxy = 5BF463A222BDF93C00751ED3 /* PBXContainerItemProxy */;
		};
		5BF463AE22BDF93C00751ED3 /* PBXTargetDependency */ = {
			isa = PBXTargetDependency;
			target = 5BF4638C22BDF93B00751ED3 /* simpleMVVM */;
			targetProxy = 5BF463AD22BDF93C00751ED3 /* PBXContainerItemProxy */;
		};
/* End PBXTargetDependency section */

/* Begin PBXVariantGroup section */
		5BF4639922BDF93C00751ED3 /* LaunchScreen.storyboard */ = {
			isa = PBXVariantGroup;
			children = (
				5BF4639A22BDF93C00751ED3 /* Base */,
			);
			name = LaunchScreen.storyboard;
			sourceTree = "<group>";
		};
/* End PBXVariantGroup section */

/* Begin XCBuildConfiguration section */
		5BF463B322BDF93C00751ED3 /* Debug */ = {
			isa = XCBuildConfiguration;
			buildSettings = {
				ALWAYS_SEARCH_USER_PATHS = NO;
				CLANG_ANALYZER_NONNULL = YES;
				CLANG_ANALYZER_NUMBER_OBJECT_CONVERSION = YES_AGGRESSIVE;
				CLANG_CXX_LANGUAGE_STANDARD = "gnu++14";
				CLANG_CXX_LIBRARY = "libc++";
				CLANG_ENABLE_MODULES = YES;
				CLANG_ENABLE_OBJC_ARC = YES;
				CLANG_ENABLE_OBJC_WEAK = YES;
				CLANG_WARN_BLOCK_CAPTURE_AUTORELEASING = YES;
				CLANG_WARN_BOOL_CONVERSION = YES;
				CLANG_WARN_COMMA = YES;
				CLANG_WARN_CONSTANT_CONVERSION = YES;
				CLANG_WARN_DEPRECATED_OBJC_IMPLEMENTATIONS = YES;
				CLANG_WARN_DIRECT_OBJC_ISA_USAGE = YES_ERROR;
				CLANG_WARN_DOCUMENTATION_COMMENTS = YES;
				CLANG_WARN_EMPTY_BODY = YES;
				CLANG_WARN_ENUM_CONVERSION = YES;
				CLANG_WARN_INFINITE_RECURSION = YES;
				CLANG_WARN_INT_CONVERSION = YES;
				CLANG_WARN_NON_LITERAL_NULL_CONVERSION = YES;
				CLANG_WARN_OBJC_IMPLICIT_RETAIN_SELF = YES;
				CLANG_WARN_OBJC_LITERAL_CONVERSION = YES;
				CLANG_WARN_OBJC_ROOT_CLASS = YES_ERROR;
				CLANG_WARN_RANGE_LOOP_ANALYSIS = YES;
				CLANG_WARN_STRICT_PROTOTYPES = YES;
				CLANG_WARN_SUSPICIOUS_MOVE = YES;
				CLANG_WARN_UNGUARDED_AVAILABILITY = YES_AGGRESSIVE;
				CLANG_WARN_UNREACHABLE_CODE = YES;
				CLANG_WARN__DUPLICATE_METHOD_MATCH = YES;
				CODE_SIGN_IDENTITY = "iPhone Developer";
				COPY_PHASE_STRIP = NO;
				DEBUG_INFORMATION_FORMAT = dwarf;
				ENABLE_STRICT_OBJC_MSGSEND = YES;
				ENABLE_TESTABILITY = YES;
				GCC_C_LANGUAGE_STANDARD = gnu11;
				GCC_DYNAMIC_NO_PIC = NO;
				GCC_NO_COMMON_BLOCKS = YES;
				GCC_OPTIMIZATION_LEVEL = 0;
				GCC_PREPROCESSOR_DEFINITIONS = (
					"DEBUG=1",
					"$(inherited)",
				);
				GCC_WARN_64_TO_32_BIT_CONVERSION = YES;
				GCC_WARN_ABOUT_RETURN_TYPE = YES_ERROR;
				GCC_WARN_UNDECLARED_SELECTOR = YES;
				GCC_WARN_UNINITIALIZED_AUTOS = YES_AGGRESSIVE;
				GCC_WARN_UNUSED_FUNCTION = YES;
				GCC_WARN_UNUSED_VARIABLE = YES;
				IPHONEOS_DEPLOYMENT_TARGET = 12.1;
				MTL_ENABLE_DEBUG_INFO = INCLUDE_SOURCE;
				MTL_FAST_MATH = YES;
				ONLY_ACTIVE_ARCH = YES;
				SDKROOT = iphoneos;
				SWIFT_ACTIVE_COMPILATION_CONDITIONS = DEBUG;
				SWIFT_OPTIMIZATION_LEVEL = "-Onone";
			};
			name = Debug;
		};
		5BF463B422BDF93C00751ED3 /* Release */ = {
			isa = XCBuildConfiguration;
			buildSettings = {
				ALWAYS_SEARCH_USER_PATHS = NO;
				CLANG_ANALYZER_NONNULL = YES;
				CLANG_ANALYZER_NUMBER_OBJECT_CONVERSION = YES_AGGRESSIVE;
				CLANG_CXX_LANGUAGE_STANDARD = "gnu++14";
				CLANG_CXX_LIBRARY = "libc++";
				CLANG_ENABLE_MODULES = YES;
				CLANG_ENABLE_OBJC_ARC = YES;
				CLANG_ENABLE_OBJC_WEAK = YES;
				CLANG_WARN_BLOCK_CAPTURE_AUTORELEASING = YES;
				CLANG_WARN_BOOL_CONVERSION = YES;
				CLANG_WARN_COMMA = YES;
				CLANG_WARN_CONSTANT_CONVERSION = YES;
				CLANG_WARN_DEPRECATED_OBJC_IMPLEMENTATIONS = YES;
				CLANG_WARN_DIRECT_OBJC_ISA_USAGE = YES_ERROR;
				CLANG_WARN_DOCUMENTATION_COMMENTS = YES;
				CLANG_WARN_EMPTY_BODY = YES;
				CLANG_WARN_ENUM_CONVERSION = YES;
				CLANG_WARN_INFINITE_RECURSION = YES;
				CLANG_WARN_INT_CONVERSION = YES;
				CLANG_WARN_NON_LITERAL_NULL_CONVERSION = YES;
				CLANG_WARN_OBJC_IMPLICIT_RETAIN_SELF = YES;
				CLANG_WARN_OBJC_LITERAL_CONVERSION = YES;
				CLANG_WARN_OBJC_ROOT_CLASS = YES_ERROR;
				CLANG_WARN_RANGE_LOOP_ANALYSIS = YES;
				CLANG_WARN_STRICT_PROTOTYPES = YES;
				CLANG_WARN_SUSPICIOUS_MOVE = YES;
				CLANG_WARN_UNGUARDED_AVAILABILITY = YES_AGGRESSIVE;
				CLANG_WARN_UNREACHABLE_CODE = YES;
				CLANG_WARN__DUPLICATE_METHOD_MATCH = YES;
				CODE_SIGN_IDENTITY = "iPhone Developer";
				COPY_PHASE_STRIP = NO;
				DEBUG_INFORMATION_FORMAT = "dwarf-with-dsym";
				ENABLE_NS_ASSERTIONS = NO;
				ENABLE_STRICT_OBJC_MSGSEND = YES;
				GCC_C_LANGUAGE_STANDARD = gnu11;
				GCC_NO_COMMON_BLOCKS = YES;
				GCC_WARN_64_TO_32_BIT_CONVERSION = YES;
				GCC_WARN_ABOUT_RETURN_TYPE = YES_ERROR;
				GCC_WARN_UNDECLARED_SELECTOR = YES;
				GCC_WARN_UNINITIALIZED_AUTOS = YES_AGGRESSIVE;
				GCC_WARN_UNUSED_FUNCTION = YES;
				GCC_WARN_UNUSED_VARIABLE = YES;
				IPHONEOS_DEPLOYMENT_TARGET = 12.1;
				MTL_ENABLE_DEBUG_INFO = NO;
				MTL_FAST_MATH = YES;
				SDKROOT = iphoneos;
				SWIFT_COMPILATION_MODE = wholemodule;
				SWIFT_OPTIMIZATION_LEVEL = "-O";
				VALIDATE_PRODUCT = YES;
			};
			name = Release;
		};
		5BF463B622BDF93D00751ED3 /* Debug */ = {
			isa = XCBuildConfiguration;
			baseConfigurationReference = D4D40CFE82125950FA84F961 /* Pods-simpleMVVM.debug.xcconfig */;
			buildSettings = {
				ASSETCATALOG_COMPILER_APPICON_NAME = AppIcon;
				CODE_SIGN_STYLE = Automatic;
				DEVELOPMENT_TEAM = 6JRLQFYZ26;
				INFOPLIST_FILE = simpleMVVM/Info.plist;
				IPHONEOS_DEPLOYMENT_TARGET = 12.0;
				LD_RUNPATH_SEARCH_PATHS = (
					"$(inherited)",
					"@executable_path/Frameworks",
				);
				PRODUCT_BUNDLE_IDENTIFIER = com.takutoki.simpleMVVM;
				PRODUCT_NAME = "$(TARGET_NAME)";
				SWIFT_VERSION = 4.2;
				TARGETED_DEVICE_FAMILY = "1,2";
			};
			name = Debug;
		};
		5BF463B722BDF93D00751ED3 /* Release */ = {
			isa = XCBuildConfiguration;
			baseConfigurationReference = B91A478A871B68426AD55F9E /* Pods-simpleMVVM.release.xcconfig */;
			buildSettings = {
				ASSETCATALOG_COMPILER_APPICON_NAME = AppIcon;
				CODE_SIGN_STYLE = Automatic;
				DEVELOPMENT_TEAM = 6JRLQFYZ26;
				INFOPLIST_FILE = simpleMVVM/Info.plist;
				IPHONEOS_DEPLOYMENT_TARGET = 12.0;
				LD_RUNPATH_SEARCH_PATHS = (
					"$(inherited)",
					"@executable_path/Frameworks",
				);
				PRODUCT_BUNDLE_IDENTIFIER = com.takutoki.simpleMVVM;
				PRODUCT_NAME = "$(TARGET_NAME)";
				SWIFT_VERSION = 4.2;
				TARGETED_DEVICE_FAMILY = "1,2";
			};
			name = Release;
		};
		5BF463B922BDF93D00751ED3 /* Debug */ = {
			isa = XCBuildConfiguration;
			baseConfigurationReference = F8865646C90D9362AD4C59D4 /* Pods-simpleMVVMTests.debug.xcconfig */;
			buildSettings = {
				ALWAYS_EMBED_SWIFT_STANDARD_LIBRARIES = YES;
				BUNDLE_LOADER = "$(TEST_HOST)";
				CODE_SIGN_STYLE = Automatic;
				DEVELOPMENT_TEAM = 6JRLQFYZ26;
				INFOPLIST_FILE = simpleMVVMTests/Info.plist;
				LD_RUNPATH_SEARCH_PATHS = (
					"$(inherited)",
					"@executable_path/Frameworks",
					"@loader_path/Frameworks",
				);
				PRODUCT_BUNDLE_IDENTIFIER = com.takutoki.simpleMVVMTests;
				PRODUCT_NAME = "$(TARGET_NAME)";
				SWIFT_VERSION = 4.2;
				TARGETED_DEVICE_FAMILY = "1,2";
				TEST_HOST = "$(BUILT_PRODUCTS_DIR)/simpleMVVM.app/simpleMVVM";
			};
			name = Debug;
		};
		5BF463BA22BDF93D00751ED3 /* Release */ = {
			isa = XCBuildConfiguration;
			baseConfigurationReference = A4A9E90DBDEF068210C210E1 /* Pods-simpleMVVMTests.release.xcconfig */;
			buildSettings = {
				ALWAYS_EMBED_SWIFT_STANDARD_LIBRARIES = YES;
				BUNDLE_LOADER = "$(TEST_HOST)";
				CODE_SIGN_STYLE = Automatic;
				DEVELOPMENT_TEAM = 6JRLQFYZ26;
				INFOPLIST_FILE = simpleMVVMTests/Info.plist;
				LD_RUNPATH_SEARCH_PATHS = (
					"$(inherited)",
					"@executable_path/Frameworks",
					"@loader_path/Frameworks",
				);
				PRODUCT_BUNDLE_IDENTIFIER = com.takutoki.simpleMVVMTests;
				PRODUCT_NAME = "$(TARGET_NAME)";
				SWIFT_VERSION = 4.2;
				TARGETED_DEVICE_FAMILY = "1,2";
				TEST_HOST = "$(BUILT_PRODUCTS_DIR)/simpleMVVM.app/simpleMVVM";
			};
			name = Release;
		};
		5BF463BC22BDF93D00751ED3 /* Debug */ = {
			isa = XCBuildConfiguration;
			baseConfigurationReference = 647C6D2E7F859C3E195CC239 /* Pods-simpleMVVMUITests.debug.xcconfig */;
			buildSettings = {
				ALWAYS_EMBED_SWIFT_STANDARD_LIBRARIES = YES;
				CODE_SIGN_STYLE = Automatic;
				DEVELOPMENT_TEAM = 6JRLQFYZ26;
				INFOPLIST_FILE = simpleMVVMUITests/Info.plist;
				LD_RUNPATH_SEARCH_PATHS = (
					"$(inherited)",
					"@executable_path/Frameworks",
					"@loader_path/Frameworks",
				);
				PRODUCT_BUNDLE_IDENTIFIER = com.takutoki.simpleMVVMUITests;
				PRODUCT_NAME = "$(TARGET_NAME)";
				SWIFT_VERSION = 4.2;
				TARGETED_DEVICE_FAMILY = "1,2";
				TEST_TARGET_NAME = simpleMVVM;
			};
			name = Debug;
		};
		5BF463BD22BDF93D00751ED3 /* Release */ = {
			isa = XCBuildConfiguration;
			baseConfigurationReference = 9E36C34426BBE237290AEBBA /* Pods-simpleMVVMUITests.release.xcconfig */;
			buildSettings = {
				ALWAYS_EMBED_SWIFT_STANDARD_LIBRARIES = YES;
				CODE_SIGN_STYLE = Automatic;
				DEVELOPMENT_TEAM = 6JRLQFYZ26;
				INFOPLIST_FILE = simpleMVVMUITests/Info.plist;
				LD_RUNPATH_SEARCH_PATHS = (
					"$(inherited)",
					"@executable_path/Frameworks",
					"@loader_path/Frameworks",
				);
				PRODUCT_BUNDLE_IDENTIFIER = com.takutoki.simpleMVVMUITests;
				PRODUCT_NAME = "$(TARGET_NAME)";
				SWIFT_VERSION = 4.2;
				TARGETED_DEVICE_FAMILY = "1,2";
				TEST_TARGET_NAME = simpleMVVM;
			};
			name = Release;
		};
/* End XCBuildConfiguration section */

/* Begin XCConfigurationList section */
		5BF4638822BDF93B00751ED3 /* Build configuration list for PBXProject "simpleMVVM" */ = {
			isa = XCConfigurationList;
			buildConfigurations = (
				5BF463B322BDF93C00751ED3 /* Debug */,
				5BF463B422BDF93C00751ED3 /* Release */,
			);
			defaultConfigurationIsVisible = 0;
			defaultConfigurationName = Release;
		};
		5BF463B522BDF93D00751ED3 /* Build configuration list for PBXNativeTarget "simpleMVVM" */ = {
			isa = XCConfigurationList;
			buildConfigurations = (
				5BF463B622BDF93D00751ED3 /* Debug */,
				5BF463B722BDF93D00751ED3 /* Release */,
			);
			defaultConfigurationIsVisible = 0;
			defaultConfigurationName = Release;
		};
		5BF463B822BDF93D00751ED3 /* Build configuration list for PBXNativeTarget "simpleMVVMTests" */ = {
			isa = XCConfigurationList;
			buildConfigurations = (
				5BF463B922BDF93D00751ED3 /* Debug */,
				5BF463BA22BDF93D00751ED3 /* Release */,
			);
			defaultConfigurationIsVisible = 0;
			defaultConfigurationName = Release;
		};
		5BF463BB22BDF93D00751ED3 /* Build configuration list for PBXNativeTarget "simpleMVVMUITests" */ = {
			isa = XCConfigurationList;
			buildConfigurations = (
				5BF463BC22BDF93D00751ED3 /* Debug */,
				5BF463BD22BDF93D00751ED3 /* Release */,
			);
			defaultConfigurationIsVisible = 0;
			defaultConfigurationName = Release;
		};
/* End XCConfigurationList section */
	};
	rootObject = 5BF4638522BDF93B00751ED3 /* Project object */;
}
